
Microsoft Visual Studio Solution File, Format Version 12.00
# Visual Studio Version 17
VisualStudioVersion = 17.5.2.0
MinimumVisualStudioVersion = 10.0.40219.1
Project("{FAE04EC0-301F-11D3-BF4B-00C04F79EFBC}") = "PlayerScoreService.Tests", "PlayerScoreService.Tests\PlayerScoreService.Tests.csproj", "{FBE2EA62-A04A-777C-0145-87D01176EB31}"
EndProject
Project("{FAE04EC0-301F-11D3-BF4B-00C04F79EFBC}") = "PlayerScoreService", "PlayerScoreService\PlayerScoreService.csproj", "{756519F5-A9A2-F869-BF3B-1E2E1924D8EC}"
EndProject
Project("{FAE04EC0-301F-11D3-BF4B-00C04F79EFBC}") = "PlayerScoreApi", "PlayerScoreApi\PlayerScoreApi.csproj", "{A58C5539-0D82-4470-94D5-421597CE6414}"
EndProject
Project("{2150E333-8FDC-42A3-9474-1A3956D46DE8}") = "playerScoreService.E2E", "playerScoreService.E2E", "{968AF5A3-95BD-3CD0-0E75-090E2BB9C118}"
EndProject
Project("{FAE04EC0-301F-11D3-BF4B-00C04F79EFBC}") = "PlayerScoreService.E2E", "playerScoreService.E2E\PlayerScoreService.E2E.csproj", "{D5CCEDEF-2AB4-493E-9277-8E514CE605DC}"
EndProject
Global
	GlobalSection(SolutionConfigurationPlatforms) = preSolution
		Debug|Any CPU = Debug|Any CPU
		Debug|x64 = Debug|x64
		Debug|x86 = Debug|x86
		Release|Any CPU = Release|Any CPU
		Release|x64 = Release|x64
		Release|x86 = Release|x86
	EndGlobalSection
	GlobalSection(ProjectConfigurationPlatforms) = postSolution
		{FBE2EA62-A04A-777C-0145-87D01176EB31}.Debug|Any CPU.ActiveCfg = Debug|Any CPU
		{FBE2EA62-A04A-777C-0145-87D01176EB31}.Debug|Any CPU.Build.0 = Debug|Any CPU
		{FBE2EA62-A04A-777C-0145-87D01176EB31}.Debug|x64.ActiveCfg = Debug|Any CPU
		{FBE2EA62-A04A-777C-0145-87D01176EB31}.Debug|x64.Build.0 = Debug|Any CPU
		{FBE2EA62-A04A-777C-0145-87D01176EB31}.Debug|x86.ActiveCfg = Debug|Any CPU
		{FBE2EA62-A04A-777C-0145-87D01176EB31}.Debug|x86.Build.0 = Debug|Any CPU
		{FBE2EA62-A04A-777C-0145-87D01176EB31}.Release|Any CPU.ActiveCfg = Release|Any CPU
		{FBE2EA62-A04A-777C-0145-87D01176EB31}.Release|Any CPU.Build.0 = Release|Any CPU
		{FBE2EA62-A04A-777C-0145-87D01176EB31}.Release|x64.ActiveCfg = Release|Any CPU
		{FBE2EA62-A04A-777C-0145-87D01176EB31}.Release|x64.Build.0 = Release|Any CPU
		{FBE2EA62-A04A-777C-0145-87D01176EB31}.Release|x86.ActiveCfg = Release|Any CPU
		{FBE2EA62-A04A-777C-0145-87D01176EB31}.Release|x86.Build.0 = Release|Any CPU
		{756519F5-A9A2-F869-BF3B-1E2E1924D8EC}.Debug|Any CPU.ActiveCfg = Debug|Any CPU
		{756519F5-A9A2-F869-BF3B-1E2E1924D8EC}.Debug|Any CPU.Build.0 = Debug|Any CPU
		{756519F5-A9A2-F869-BF3B-1E2E1924D8EC}.Debug|x64.ActiveCfg = Debug|Any CPU
		{756519F5-A9A2-F869-BF3B-1E2E1924D8EC}.Debug|x64.Build.0 = Debug|Any CPU
		{756519F5-A9A2-F869-BF3B-1E2E1924D8EC}.Debug|x86.ActiveCfg = Debug|Any CPU
		{756519F5-A9A2-F869-BF3B-1E2E1924D8EC}.Debug|x86.Build.0 = Debug|Any CPU
		{756519F5-A9A2-F869-BF3B-1E2E1924D8EC}.Release|Any CPU.ActiveCfg = Release|Any CPU
		{756519F5-A9A2-F869-BF3B-1E2E1924D8EC}.Release|Any CPU.Build.0 = Release|Any CPU
		{756519F5-A9A2-F869-BF3B-1E2E1924D8EC}.Release|x64.ActiveCfg = Release|Any CPU
		{756519F5-A9A2-F869-BF3B-1E2E1924D8EC}.Release|x64.Build.0 = Release|Any CPU
		{756519F5-A9A2-F869-BF3B-1E2E1924D8EC}.Release|x86.ActiveCfg = Release|Any CPU
		{756519F5-A9A2-F869-BF3B-1E2E1924D8EC}.Release|x86.Build.0 = Release|Any CPU
		{A58C5539-0D82-4470-94D5-421597CE6414}.Debug|Any CPU.ActiveCfg = Debug|Any CPU
		{A58C5539-0D82-4470-94D5-421597CE6414}.Debug|Any CPU.Build.0 = Debug|Any CPU
		{A58C5539-0D82-4470-94D5-421597CE6414}.Debug|x64.ActiveCfg = Debug|Any CPU
		{A58C5539-0D82-4470-94D5-421597CE6414}.Debug|x64.Build.0 = Debug|Any CPU
		{A58C5539-0D82-4470-94D5-421597CE6414}.Debug|x86.ActiveCfg = Debug|Any CPU
		{A58C5539-0D82-4470-94D5-421597CE6414}.Debug|x86.Build.0 = Debug|Any CPU
		{A58C5539-0D82-4470-94D5-421597CE6414}.Release|Any CPU.ActiveCfg = Release|Any CPU
		{A58C5539-0D82-4470-94D5-421597CE6414}.Release|Any CPU.Build.0 = Release|Any CPU
		{A58C5539-0D82-4470-94D5-421597CE6414}.Release|x64.ActiveCfg = Release|Any CPU
		{A58C5539-0D82-4470-94D5-421597CE6414}.Release|x64.Build.0 = Release|Any CPU
		{A58C5539-0D82-4470-94D5-421597CE6414}.Release|x86.ActiveCfg = Release|Any CPU
		{A58C5539-0D82-4470-94D5-421597CE6414}.Release|x86.Build.0 = Release|Any CPU
		{D5CCEDEF-2AB4-493E-9277-8E514CE605DC}.Debug|Any CPU.ActiveCfg = Debug|Any CPU
		{D5CCEDEF-2AB4-493E-9277-8E514CE605DC}.Debug|Any CPU.Build.0 = Debug|Any CPU
		{D5CCEDEF-2AB4-493E-9277-8E514CE605DC}.Debug|x64.ActiveCfg = Debug|Any CPU
		{D5CCEDEF-2AB4-493E-9277-8E514CE605DC}.Debug|x64.Build.0 = Debug|Any CPU
		{D5CCEDEF-2AB4-493E-9277-8E514CE605DC}.Debug|x86.ActiveCfg = Debug|Any CPU
		{D5CCEDEF-2AB4-493E-9277-8E514CE605DC}.Debug|x86.Build.0 = Debug|Any CPU
		{D5CCEDEF-2AB4-493E-9277-8E514CE605DC}.Release|Any CPU.ActiveCfg = Release|Any CPU
		{D5CCEDEF-2AB4-493E-9277-8E514CE605DC}.Release|Any CPU.Build.0 = Release|Any CPU
		{D5CCEDEF-2AB4-493E-9277-8E514CE605DC}.Release|x64.ActiveCfg = Release|Any CPU
		{D5CCEDEF-2AB4-493E-9277-8E514CE605DC}.Release|x64.Build.0 = Release|Any CPU
		{D5CCEDEF-2AB4-493E-9277-8E514CE605DC}.Release|x86.ActiveCfg = Release|Any CPU
		{D5CCEDEF-2AB4-493E-9277-8E514CE605DC}.Release|x86.Build.0 = Release|Any CPU
	EndGlobalSection
	GlobalSection(SolutionProperties) = preSolution
		HideSolutionNode = FALSE
	EndGlobalSection
	GlobalSection(NestedProjects) = preSolution
		{D5CCEDEF-2AB4-493E-9277-8E514CE605DC} = {968AF5A3-95BD-3CD0-0E75-090E2BB9C118}
	EndGlobalSection
	GlobalSection(ExtensibilityGlobals) = postSolution
		SolutionGuid = {1958E4E7-FEDB-4B35-9EEE-68AC6D247786}
	EndGlobalSection
EndGlobal
